
Microsoft Visual Studio Solution File, Format Version 12.00
# Visual Studio 14
VisualStudioVersion = 14.0.25420.1
MinimumVisualStudioVersion = 10.0.40219.1
Project("{FAE04EC0-301F-11D3-BF4B-00C04F79EFBC}") = "Teht2", "olio\Teht2.csproj", "{C25A5C8F-94A6-4A7C-B1E9-BBF30469648E}"
EndProject
Project("{FAE04EC0-301F-11D3-BF4B-00C04F79EFBC}") = "Teht3", "olio2\Teht3.csproj", "{3F48AE89-5DC5-486D-B858-BFC003CC1C67}"
EndProject
Project("{FAE04EC0-301F-11D3-BF4B-00C04F79EFBC}") = "Teht4", "olio3\Teht4.csproj", "{7E472824-5DAC-48D2-8B2E-D226551756B5}"
EndProject
Project("{FAE04EC0-301F-11D3-BF4B-00C04F79EFBC}") = "Teht5", "olio4\Teht5.csproj", "{F617B204-8626-46E9-98E9-863AA108102C}"
EndProject
Project("{FAE04EC0-301F-11D3-BF4B-00C04F79EFBC}") = "Teht6", "Teht6\Teht6.csproj", "{DA99701D-FDB3-4D3F-9892-6E30D2D31EAD}"
EndProject
Project("{FAE04EC0-301F-11D3-BF4B-00C04F79EFBC}") = "Teht1", "Teht1\Teht1.csproj", "{932005CE-8AC6-49EA-83D2-82C822ABB699}"
EndProject
Global
	GlobalSection(SolutionConfigurationPlatforms) = preSolution
		Debug|Any CPU = Debug|Any CPU
		Release|Any CPU = Release|Any CPU
	EndGlobalSection
	GlobalSection(ProjectConfigurationPlatforms) = postSolution
		{C25A5C8F-94A6-4A7C-B1E9-BBF30469648E}.Debug|Any CPU.ActiveCfg = Debug|Any CPU
		{C25A5C8F-94A6-4A7C-B1E9-BBF30469648E}.Debug|Any CPU.Build.0 = Debug|Any CPU
		{C25A5C8F-94A6-4A7C-B1E9-BBF30469648E}.Release|Any CPU.ActiveCfg = Release|Any CPU
		{C25A5C8F-94A6-4A7C-B1E9-BBF30469648E}.Release|Any CPU.Build.0 = Release|Any CPU
		{3F48AE89-5DC5-486D-B858-BFC003CC1C67}.Debug|Any CPU.ActiveCfg = Debug|Any CPU
		{3F48AE89-5DC5-486D-B858-BFC003CC1C67}.Debug|Any CPU.Build.0 = Debug|Any CPU
		{3F48AE89-5DC5-486D-B858-BFC003CC1C67}.Release|Any CPU.ActiveCfg = Release|Any CPU
		{3F48AE89-5DC5-486D-B858-BFC003CC1C67}.Release|Any CPU.Build.0 = Release|Any CPU
		{7E472824-5DAC-48D2-8B2E-D226551756B5}.Debug|Any CPU.ActiveCfg = Debug|Any CPU
		{7E472824-5DAC-48D2-8B2E-D226551756B5}.Debug|Any CPU.Build.0 = Debug|Any CPU
		{7E472824-5DAC-48D2-8B2E-D226551756B5}.Release|Any CPU.ActiveCfg = Release|Any CPU
		{7E472824-5DAC-48D2-8B2E-D226551756B5}.Release|Any CPU.Build.0 = Release|Any CPU
		{F617B204-8626-46E9-98E9-863AA108102C}.Debug|Any CPU.ActiveCfg = Debug|Any CPU
		{F617B204-8626-46E9-98E9-863AA108102C}.Debug|Any CPU.Build.0 = Debug|Any CPU
		{F617B204-8626-46E9-98E9-863AA108102C}.Release|Any CPU.ActiveCfg = Release|Any CPU
		{F617B204-8626-46E9-98E9-863AA108102C}.Release|Any CPU.Build.0 = Release|Any CPU
		{DA99701D-FDB3-4D3F-9892-6E30D2D31EAD}.Debug|Any CPU.ActiveCfg = Debug|Any CPU
		{DA99701D-FDB3-4D3F-9892-6E30D2D31EAD}.Debug|Any CPU.Build.0 = Debug|Any CPU
		{DA99701D-FDB3-4D3F-9892-6E30D2D31EAD}.Release|Any CPU.ActiveCfg = Release|Any CPU
		{DA99701D-FDB3-4D3F-9892-6E30D2D31EAD}.Release|Any CPU.Build.0 = Release|Any CPU
		{932005CE-8AC6-49EA-83D2-82C822ABB699}.Debug|Any CPU.ActiveCfg = Debug|Any CPU
		{932005CE-8AC6-49EA-83D2-82C822ABB699}.Debug|Any CPU.Build.0 = Debug|Any CPU
		{932005CE-8AC6-49EA-83D2-82C822ABB699}.Release|Any CPU.ActiveCfg = Release|Any CPU
		{932005CE-8AC6-49EA-83D2-82C822ABB699}.Release|Any CPU.Build.0 = Release|Any CPU
	EndGlobalSection
	GlobalSection(SolutionProperties) = preSolution
		HideSolutionNode = FALSE
	EndGlobalSection
EndGlobal
